
Microsoft Visual Studio Solution File, Format Version 12.00
# Visual Studio 14
VisualStudioVersion = 14.0.25420.1
MinimumVisualStudioVersion = 10.0.40219.1
Project("{FAE04EC0-301F-11D3-BF4B-00C04F79EFBC}") = "XML Processing", "XML Processing\XML Processing.csproj", "{BCEB47CC-3D8D-4221-9910-743DBB7EB432}"
EndProject
Project("{FAE04EC0-301F-11D3-BF4B-00C04F79EFBC}") = "Shop", "Shop\Shop.csproj", "{9F90AE53-B204-4BD1-827E-09FBDEF89FB8}"
EndProject
Project("{FAE04EC0-301F-11D3-BF4B-00C04F79EFBC}") = "CarDealer", "CarDealer\CarDealer.csproj", "{C1E49191-E5DB-44F5-8957-BC8902AD27C3}"
EndProject
Global
	GlobalSection(SolutionConfigurationPlatforms) = preSolution
		Debug|Any CPU = Debug|Any CPU
		Release|Any CPU = Release|Any CPU
	EndGlobalSection
	GlobalSection(ProjectConfigurationPlatforms) = postSolution
		{BCEB47CC-3D8D-4221-9910-743DBB7EB432}.Debug|Any CPU.ActiveCfg = Debug|Any CPU
		{BCEB47CC-3D8D-4221-9910-743DBB7EB432}.Debug|Any CPU.Build.0 = Debug|Any CPU
		{BCEB47CC-3D8D-4221-9910-743DBB7EB432}.Release|Any CPU.ActiveCfg = Release|Any CPU
		{BCEB47CC-3D8D-4221-9910-743DBB7EB432}.Release|Any CPU.Build.0 = Release|Any CPU
		{9F90AE53-B204-4BD1-827E-09FBDEF89FB8}.Debug|Any CPU.ActiveCfg = Debug|Any CPU
		{9F90AE53-B204-4BD1-827E-09FBDEF89FB8}.Debug|Any CPU.Build.0 = Debug|Any CPU
		{9F90AE53-B204-4BD1-827E-09FBDEF89FB8}.Release|Any CPU.ActiveCfg = Release|Any CPU
		{9F90AE53-B204-4BD1-827E-09FBDEF89FB8}.Release|Any CPU.Build.0 = Release|Any CPU
		{C1E49191-E5DB-44F5-8957-BC8902AD27C3}.Debug|Any CPU.ActiveCfg = Debug|Any CPU
		{C1E49191-E5DB-44F5-8957-BC8902AD27C3}.Debug|Any CPU.Build.0 = Debug|Any CPU
		{C1E49191-E5DB-44F5-8957-BC8902AD27C3}.Release|Any CPU.ActiveCfg = Release|Any CPU
		{C1E49191-E5DB-44F5-8957-BC8902AD27C3}.Release|Any CPU.Build.0 = Release|Any CPU
	EndGlobalSection
	GlobalSection(SolutionProperties) = preSolution
		HideSolutionNode = FALSE
	EndGlobalSection
EndGlobal
