
Microsoft Visual Studio Solution File, Format Version 12.00
# Visual Studio 14
VisualStudioVersion = 14.0.25420.1
MinimumVisualStudioVersion = 10.0.40219.1
Project("{FAE04EC0-301F-11D3-BF4B-00C04F79EFBC}") = "StudentSystem", "Entity Relations(Advanced)\StudentSystem.csproj", "{81721C8A-1F04-46C4-BCA9-200DA11D2DE2}"
EndProject
Project("{FAE04EC0-301F-11D3-BF4B-00C04F79EFBC}") = "PhotographersStudio", "Photographers\PhotographersStudio.csproj", "{39FDCCE7-C964-45D4-89EB-6FABAA1E91C1}"
EndProject
Project("{FAE04EC0-301F-11D3-BF4B-00C04F79EFBC}") = "BankSystem", "BankSystem\BankSystem.csproj", "{FED377AD-EDE9-48E6-B552-D16D2649ADFD}"
EndProject
Global
	GlobalSection(SolutionConfigurationPlatforms) = preSolution
		Debug|Any CPU = Debug|Any CPU
		Release|Any CPU = Release|Any CPU
	EndGlobalSection
	GlobalSection(ProjectConfigurationPlatforms) = postSolution
		{81721C8A-1F04-46C4-BCA9-200DA11D2DE2}.Debug|Any CPU.ActiveCfg = Debug|Any CPU
		{81721C8A-1F04-46C4-BCA9-200DA11D2DE2}.Debug|Any CPU.Build.0 = Debug|Any CPU
		{81721C8A-1F04-46C4-BCA9-200DA11D2DE2}.Release|Any CPU.ActiveCfg = Release|Any CPU
		{81721C8A-1F04-46C4-BCA9-200DA11D2DE2}.Release|Any CPU.Build.0 = Release|Any CPU
		{39FDCCE7-C964-45D4-89EB-6FABAA1E91C1}.Debug|Any CPU.ActiveCfg = Debug|Any CPU
		{39FDCCE7-C964-45D4-89EB-6FABAA1E91C1}.Debug|Any CPU.Build.0 = Debug|Any CPU
		{39FDCCE7-C964-45D4-89EB-6FABAA1E91C1}.Release|Any CPU.ActiveCfg = Release|Any CPU
		{39FDCCE7-C964-45D4-89EB-6FABAA1E91C1}.Release|Any CPU.Build.0 = Release|Any CPU
		{FED377AD-EDE9-48E6-B552-D16D2649ADFD}.Debug|Any CPU.ActiveCfg = Debug|Any CPU
		{FED377AD-EDE9-48E6-B552-D16D2649ADFD}.Debug|Any CPU.Build.0 = Debug|Any CPU
		{FED377AD-EDE9-48E6-B552-D16D2649ADFD}.Release|Any CPU.ActiveCfg = Release|Any CPU
		{FED377AD-EDE9-48E6-B552-D16D2649ADFD}.Release|Any CPU.Build.0 = Release|Any CPU
	EndGlobalSection
	GlobalSection(SolutionProperties) = preSolution
		HideSolutionNode = FALSE
	EndGlobalSection
EndGlobal
